Microsoft Visual Studio Solution File, Format Version 12.00
# Visual Studio Version 17
VisualStudioVersion = 17.5.2.0
MinimumVisualStudioVersion = 10.0.40219.1
Project("{FAE04EC0-301F-11D3-BF4B-00C04F79EFBC}") = "TallerMecanico", "TallerMecanico.csproj", "{CFF571C5-6C2A-8EF9-C2CF-8ECDE7592CC4}"
EndProject
Global
	GlobalSection(SolutionConfigurationPlatforms) = preSolution
		Debug|Any CPU = Debug|Any CPU
		Release|Any CPU = Release|Any CPU
	EndGlobalSection
	GlobalSection(ProjectConfigurationPlatforms) = postSolution
		{CFF571C5-6C2A-8EF9-C2CF-8ECDE7592CC4}.Debug|Any CPU.ActiveCfg = Debug|Any CPU
		{CFF571C5-6C2A-8EF9-C2CF-8ECDE7592CC4}.Debug|Any CPU.Build.0 = Debug|Any CPU
		{CFF571C5-6C2A-8EF9-C2CF-8ECDE7592CC4}.Release|Any CPU.ActiveCfg = Release|Any CPU
		{CFF571C5-6C2A-8EF9-C2CF-8ECDE7592CC4}.Release|Any CPU.Build.0 = Release|Any CPU
	EndGlobalSection
	GlobalSection(SolutionProperties) = preSolution
		HideSolutionNode = FALSE
	EndGlobalSection
	GlobalSection(ExtensibilityGlobals) = postSolution
		SolutionGuid = {DC3B199A-D349-4F0B-8ECF-3D2214732FD8}
	EndGlobalSection
EndGlobal
